
Microsoft Visual Studio Solution File, Format Version 12.00
# Visual Studio Version 17
VisualStudioVersion = 17.4.33205.214
MinimumVisualStudioVersion = 10.0.40219.1
Project("{FAE04EC0-301F-11D3-BF4B-00C04F79EFBC}") = "CQRSMicro.Product", "CQRSMicro.Product\CQRSMicro.Product.csproj", "{A1FE7111-0A5B-4B4A-A31D-2FAC396EB9DA}"
EndProject
Project("{FAE04EC0-301F-11D3-BF4B-00C04F79EFBC}") = "CQRSMicro.Sale", "CQRSMicro.Sale\CQRSMicro.Sale.csproj", "{9481C15E-2302-42DB-851F-5AF926EF4F23}"
EndProject
Project("{FAE04EC0-301F-11D3-BF4B-00C04F79EFBC}") = "CQRSMicro.Domain", "CQRSMicro.Domain\CQRSMicro.Domain.csproj", "{951969C1-6861-4F8E-AD7E-2D293DB52C52}"
EndProject
Global
	GlobalSection(SolutionConfigurationPlatforms) = preSolution
		Debug|Any CPU = Debug|Any CPU
		Release|Any CPU = Release|Any CPU
	EndGlobalSection
	GlobalSection(ProjectConfigurationPlatforms) = postSolution
		{A1FE7111-0A5B-4B4A-A31D-2FAC396EB9DA}.Debug|Any CPU.ActiveCfg = Debug|Any CPU
		{A1FE7111-0A5B-4B4A-A31D-2FAC396EB9DA}.Debug|Any CPU.Build.0 = Debug|Any CPU
		{A1FE7111-0A5B-4B4A-A31D-2FAC396EB9DA}.Release|Any CPU.ActiveCfg = Release|Any CPU
		{A1FE7111-0A5B-4B4A-A31D-2FAC396EB9DA}.Release|Any CPU.Build.0 = Release|Any CPU
		{9481C15E-2302-42DB-851F-5AF926EF4F23}.Debug|Any CPU.ActiveCfg = Debug|Any CPU
		{9481C15E-2302-42DB-851F-5AF926EF4F23}.Debug|Any CPU.Build.0 = Debug|Any CPU
		{9481C15E-2302-42DB-851F-5AF926EF4F23}.Release|Any CPU.ActiveCfg = Release|Any CPU
		{9481C15E-2302-42DB-851F-5AF926EF4F23}.Release|Any CPU.Build.0 = Release|Any CPU
		{951969C1-6861-4F8E-AD7E-2D293DB52C52}.Debug|Any CPU.ActiveCfg = Debug|Any CPU
		{951969C1-6861-4F8E-AD7E-2D293DB52C52}.Debug|Any CPU.Build.0 = Debug|Any CPU
		{951969C1-6861-4F8E-AD7E-2D293DB52C52}.Release|Any CPU.ActiveCfg = Release|Any CPU
		{951969C1-6861-4F8E-AD7E-2D293DB52C52}.Release|Any CPU.Build.0 = Release|Any CPU
	EndGlobalSection
	GlobalSection(SolutionProperties) = preSolution
		HideSolutionNode = FALSE
	EndGlobalSection
	GlobalSection(ExtensibilityGlobals) = postSolution
		SolutionGuid = {46944A0C-BF29-46D2-9C2D-0875FE9BD88C}
	EndGlobalSection
EndGlobal
